
Microsoft Visual Studio Solution File, Format Version 11.00
# Visual Studio 2010
Project("{8BC9CEB8-8B4A-11D0-8D11-00A0C91BC942}") = "FVAViewer", "FVAViewer\FVAViewer.vcxproj", "{7CBD7407-31F0-4E26-837B-58310A8C0874}"
	ProjectSection(ProjectDependencies) = postProject
		{C910792D-9FD1-4301-A941-29BF393BA379} = {C910792D-9FD1-4301-A941-29BF393BA379}
		{91274337-FA06-462B-93D4-175F17502327} = {91274337-FA06-462B-93D4-175F17502327}
		{D7B3DA7F-62FD-4705-A2CE-0A9F133B0496} = {D7B3DA7F-62FD-4705-A2CE-0A9F133B0496}
		{F35C7EBB-1A63-41F6-9EDD-89D3FDB94D06} = {F35C7EBB-1A63-41F6-9EDD-89D3FDB94D06}
	EndProjectSection
EndProject
Project("{8BC9CEB8-8B4A-11D0-8D11-00A0C91BC942}") = "FVAOrganizer", "FVAOrganizer\FVAOrganizer.vcxproj", "{CB6DCEA7-4012-4BBC-9A41-C310D6B0FCBC}"
	ProjectSection(ProjectDependencies) = postProject
		{C910792D-9FD1-4301-A941-29BF393BA379} = {C910792D-9FD1-4301-A941-29BF393BA379}
	EndProjectSection
EndProject
Project("{8BC9CEB8-8B4A-11D0-8D11-00A0C91BC942}") = "FVACommonLib", "FVACommonLib\FVACommonLib.vcxproj", "{C910792D-9FD1-4301-A941-29BF393BA379}"
EndProject
Project("{8BC9CEB8-8B4A-11D0-8D11-00A0C91BC942}") = "FVADescriptionEditor", "FVADescriptionEditor\FVADescriptionEditor.vcxproj", "{F35C7EBB-1A63-41F6-9EDD-89D3FDB94D06}"
	ProjectSection(ProjectDependencies) = postProject
		{C910792D-9FD1-4301-A941-29BF393BA379} = {C910792D-9FD1-4301-A941-29BF393BA379}
		{91274337-FA06-462B-93D4-175F17502327} = {91274337-FA06-462B-93D4-175F17502327}
	EndProjectSection
EndProject
Project("{8BC9CEB8-8B4A-11D0-8D11-00A0C91BC942}") = "FVADictionaryEditor", "FVADictionaryEditor\FVADictionaryEditor.vcxproj", "{91274337-FA06-462B-93D4-175F17502327}"
	ProjectSection(ProjectDependencies) = postProject
		{C910792D-9FD1-4301-A941-29BF393BA379} = {C910792D-9FD1-4301-A941-29BF393BA379}
	EndProjectSection
EndProject
Project("{8BC9CEB8-8B4A-11D0-8D11-00A0C91BC942}") = "FVAOrganizerWizard", "FVAOrganizerWizard\FVAOrganizerWizard.vcxproj", "{436CBF45-4DFC-4D2A-8B18-34AD617FCF41}"
	ProjectSection(ProjectDependencies) = postProject
		{C910792D-9FD1-4301-A941-29BF393BA379} = {C910792D-9FD1-4301-A941-29BF393BA379}
		{91274337-FA06-462B-93D4-175F17502327} = {91274337-FA06-462B-93D4-175F17502327}
		{CB6DCEA7-4012-4BBC-9A41-C310D6B0FCBC} = {CB6DCEA7-4012-4BBC-9A41-C310D6B0FCBC}
	EndProjectSection
EndProject
Project("{8BC9CEB8-8B4A-11D0-8D11-00A0C91BC942}") = "FVAPlayer", "FVAPlayer\FVAPlayer.vcxproj", "{D7B3DA7F-62FD-4705-A2CE-0A9F133B0496}"
EndProject
Project("{930C7802-8A8C-48F9-8165-68863BCCD9DD}") = "FVASetupWin", "FVASetupWin\FVASetupWin.wixproj", "{A62FDC4F-0774-4B83-8072-B445B28EF8C8}"
	ProjectSection(ProjectDependencies) = postProject
		{7CBD7407-31F0-4E26-837B-58310A8C0874} = {7CBD7407-31F0-4E26-837B-58310A8C0874}
		{C910792D-9FD1-4301-A941-29BF393BA379} = {C910792D-9FD1-4301-A941-29BF393BA379}
		{91274337-FA06-462B-93D4-175F17502327} = {91274337-FA06-462B-93D4-175F17502327}
		{436CBF45-4DFC-4D2A-8B18-34AD617FCF41} = {436CBF45-4DFC-4D2A-8B18-34AD617FCF41}
		{D7B3DA7F-62FD-4705-A2CE-0A9F133B0496} = {D7B3DA7F-62FD-4705-A2CE-0A9F133B0496}
		{CB6DCEA7-4012-4BBC-9A41-C310D6B0FCBC} = {CB6DCEA7-4012-4BBC-9A41-C310D6B0FCBC}
		{F35C7EBB-1A63-41F6-9EDD-89D3FDB94D06} = {F35C7EBB-1A63-41F6-9EDD-89D3FDB94D06}
	EndProjectSection
EndProject
Project("{8BC9CEB8-8B4A-11D0-8D11-00A0C91BC942}") = "FVAConfigurator", "FVAConfigurator\FVAConfigurator.vcxproj", "{A5C1B377-1EE8-4ACB-B527-F2D3C7F7E1ED}"
EndProject
Global
	GlobalSection(SolutionConfigurationPlatforms) = preSolution
		Debug|Mixed Platforms = Debug|Mixed Platforms
		Debug|Win32 = Debug|Win32
		Debug|x86 = Debug|x86
		Release|Mixed Platforms = Release|Mixed Platforms
		Release|Win32 = Release|Win32
		Release|x86 = Release|x86
	EndGlobalSection
	GlobalSection(ProjectConfigurationPlatforms) = postSolution
		{7CBD7407-31F0-4E26-837B-58310A8C0874}.Debug|Mixed Platforms.ActiveCfg = Debug|Win32
		{7CBD7407-31F0-4E26-837B-58310A8C0874}.Debug|Mixed Platforms.Build.0 = Debug|Win32
		{7CBD7407-31F0-4E26-837B-58310A8C0874}.Debug|Win32.ActiveCfg = Debug|Win32
		{7CBD7407-31F0-4E26-837B-58310A8C0874}.Debug|Win32.Build.0 = Debug|Win32
		{7CBD7407-31F0-4E26-837B-58310A8C0874}.Debug|x86.ActiveCfg = Debug|Win32
		{7CBD7407-31F0-4E26-837B-58310A8C0874}.Release|Mixed Platforms.ActiveCfg = Release|Win32
		{7CBD7407-31F0-4E26-837B-58310A8C0874}.Release|Mixed Platforms.Build.0 = Release|Win32
		{7CBD7407-31F0-4E26-837B-58310A8C0874}.Release|Win32.ActiveCfg = Release|Win32
		{7CBD7407-31F0-4E26-837B-58310A8C0874}.Release|Win32.Build.0 = Release|Win32
		{7CBD7407-31F0-4E26-837B-58310A8C0874}.Release|x86.ActiveCfg = Release|Win32
		{CB6DCEA7-4012-4BBC-9A41-C310D6B0FCBC}.Debug|Mixed Platforms.ActiveCfg = Debug|Win32
		{CB6DCEA7-4012-4BBC-9A41-C310D6B0FCBC}.Debug|Mixed Platforms.Build.0 = Debug|Win32
		{CB6DCEA7-4012-4BBC-9A41-C310D6B0FCBC}.Debug|Win32.ActiveCfg = Debug|Win32
		{CB6DCEA7-4012-4BBC-9A41-C310D6B0FCBC}.Debug|Win32.Build.0 = Debug|Win32
		{CB6DCEA7-4012-4BBC-9A41-C310D6B0FCBC}.Debug|x86.ActiveCfg = Debug|Win32
		{CB6DCEA7-4012-4BBC-9A41-C310D6B0FCBC}.Release|Mixed Platforms.ActiveCfg = Release|Win32
		{CB6DCEA7-4012-4BBC-9A41-C310D6B0FCBC}.Release|Mixed Platforms.Build.0 = Release|Win32
		{CB6DCEA7-4012-4BBC-9A41-C310D6B0FCBC}.Release|Win32.ActiveCfg = Release|Win32
		{CB6DCEA7-4012-4BBC-9A41-C310D6B0FCBC}.Release|Win32.Build.0 = Release|Win32
		{CB6DCEA7-4012-4BBC-9A41-C310D6B0FCBC}.Release|x86.ActiveCfg = Release|Win32
		{C910792D-9FD1-4301-A941-29BF393BA379}.Debug|Mixed Platforms.ActiveCfg = Debug|Win32
		{C910792D-9FD1-4301-A941-29BF393BA379}.Debug|Mixed Platforms.Build.0 = Debug|Win32
		{C910792D-9FD1-4301-A941-29BF393BA379}.Debug|Win32.ActiveCfg = Debug|Win32
		{C910792D-9FD1-4301-A941-29BF393BA379}.Debug|Win32.Build.0 = Debug|Win32
		{C910792D-9FD1-4301-A941-29BF393BA379}.Debug|x86.ActiveCfg = Debug|Win32
		{C910792D-9FD1-4301-A941-29BF393BA379}.Release|Mixed Platforms.ActiveCfg = Release|Win32
		{C910792D-9FD1-4301-A941-29BF393BA379}.Release|Mixed Platforms.Build.0 = Release|Win32
		{C910792D-9FD1-4301-A941-29BF393BA379}.Release|Win32.ActiveCfg = Release|Win32
		{C910792D-9FD1-4301-A941-29BF393BA379}.Release|Win32.Build.0 = Release|Win32
		{C910792D-9FD1-4301-A941-29BF393BA379}.Release|x86.ActiveCfg = Release|Win32
		{F35C7EBB-1A63-41F6-9EDD-89D3FDB94D06}.Debug|Mixed Platforms.ActiveCfg = Debug|Win32
		{F35C7EBB-1A63-41F6-9EDD-89D3FDB94D06}.Debug|Mixed Platforms.Build.0 = Debug|Win32
		{F35C7EBB-1A63-41F6-9EDD-89D3FDB94D06}.Debug|Win32.ActiveCfg = Debug|Win32
		{F35C7EBB-1A63-41F6-9EDD-89D3FDB94D06}.Debug|Win32.Build.0 = Debug|Win32
		{F35C7EBB-1A63-41F6-9EDD-89D3FDB94D06}.Debug|x86.ActiveCfg = Debug|Win32
		{F35C7EBB-1A63-41F6-9EDD-89D3FDB94D06}.Release|Mixed Platforms.ActiveCfg = Release|Win32
		{F35C7EBB-1A63-41F6-9EDD-89D3FDB94D06}.Release|Mixed Platforms.Build.0 = Release|Win32
		{F35C7EBB-1A63-41F6-9EDD-89D3FDB94D06}.Release|Win32.ActiveCfg = Release|Win32
		{F35C7EBB-1A63-41F6-9EDD-89D3FDB94D06}.Release|Win32.Build.0 = Release|Win32
		{F35C7EBB-1A63-41F6-9EDD-89D3FDB94D06}.Release|x86.ActiveCfg = Release|Win32
		{91274337-FA06-462B-93D4-175F17502327}.Debug|Mixed Platforms.ActiveCfg = Debug|Win32
		{91274337-FA06-462B-93D4-175F17502327}.Debug|Mixed Platforms.Build.0 = Debug|Win32
		{91274337-FA06-462B-93D4-175F17502327}.Debug|Win32.ActiveCfg = Debug|Win32
		{91274337-FA06-462B-93D4-175F17502327}.Debug|Win32.Build.0 = Debug|Win32
		{91274337-FA06-462B-93D4-175F17502327}.Debug|x86.ActiveCfg = Debug|Win32
		{91274337-FA06-462B-93D4-175F17502327}.Release|Mixed Platforms.ActiveCfg = Release|Win32
		{91274337-FA06-462B-93D4-175F17502327}.Release|Mixed Platforms.Build.0 = Release|Win32
		{91274337-FA06-462B-93D4-175F17502327}.Release|Win32.ActiveCfg = Release|Win32
		{91274337-FA06-462B-93D4-175F17502327}.Release|Win32.Build.0 = Release|Win32
		{91274337-FA06-462B-93D4-175F17502327}.Release|x86.ActiveCfg = Release|Win32
		{436CBF45-4DFC-4D2A-8B18-34AD617FCF41}.Debug|Mixed Platforms.ActiveCfg = Debug|Win32
		{436CBF45-4DFC-4D2A-8B18-34AD617FCF41}.Debug|Mixed Platforms.Build.0 = Debug|Win32
		{436CBF45-4DFC-4D2A-8B18-34AD617FCF41}.Debug|Win32.ActiveCfg = Debug|Win32
		{436CBF45-4DFC-4D2A-8B18-34AD617FCF41}.Debug|Win32.Build.0 = Debug|Win32
		{436CBF45-4DFC-4D2A-8B18-34AD617FCF41}.Debug|x86.ActiveCfg = Debug|Win32
		{436CBF45-4DFC-4D2A-8B18-34AD617FCF41}.Release|Mixed Platforms.ActiveCfg = Release|Win32
		{436CBF45-4DFC-4D2A-8B18-34AD617FCF41}.Release|Mixed Platforms.Build.0 = Release|Win32
		{436CBF45-4DFC-4D2A-8B18-34AD617FCF41}.Release|Win32.ActiveCfg = Release|Win32
		{436CBF45-4DFC-4D2A-8B18-34AD617FCF41}.Release|Win32.Build.0 = Release|Win32
		{436CBF45-4DFC-4D2A-8B18-34AD617FCF41}.Release|x86.ActiveCfg = Release|Win32
		{D7B3DA7F-62FD-4705-A2CE-0A9F133B0496}.Debug|Mixed Platforms.ActiveCfg = Debug|Win32
		{D7B3DA7F-62FD-4705-A2CE-0A9F133B0496}.Debug|Mixed Platforms.Build.0 = Debug|Win32
		{D7B3DA7F-62FD-4705-A2CE-0A9F133B0496}.Debug|Win32.ActiveCfg = Debug|Win32
		{D7B3DA7F-62FD-4705-A2CE-0A9F133B0496}.Debug|Win32.Build.0 = Debug|Win32
		{D7B3DA7F-62FD-4705-A2CE-0A9F133B0496}.Debug|x86.ActiveCfg = Debug|Win32
		{D7B3DA7F-62FD-4705-A2CE-0A9F133B0496}.Release|Mixed Platforms.ActiveCfg = Release|Win32
		{D7B3DA7F-62FD-4705-A2CE-0A9F133B0496}.Release|Mixed Platforms.Build.0 = Release|Win32
		{D7B3DA7F-62FD-4705-A2CE-0A9F133B0496}.Release|Win32.ActiveCfg = Release|Win32
		{D7B3DA7F-62FD-4705-A2CE-0A9F133B0496}.Release|Win32.Build.0 = Release|Win32
		{D7B3DA7F-62FD-4705-A2CE-0A9F133B0496}.Release|x86.ActiveCfg = Release|Win32
		{A62FDC4F-0774-4B83-8072-B445B28EF8C8}.Debug|Mixed Platforms.ActiveCfg = Debug|x86
		{A62FDC4F-0774-4B83-8072-B445B28EF8C8}.Debug|Mixed Platforms.Build.0 = Debug|x86
		{A62FDC4F-0774-4B83-8072-B445B28EF8C8}.Debug|Win32.ActiveCfg = Debug|x86
		{A62FDC4F-0774-4B83-8072-B445B28EF8C8}.Debug|x86.ActiveCfg = Debug|x86
		{A62FDC4F-0774-4B83-8072-B445B28EF8C8}.Debug|x86.Build.0 = Debug|x86
		{A62FDC4F-0774-4B83-8072-B445B28EF8C8}.Release|Mixed Platforms.ActiveCfg = Release|x86
		{A62FDC4F-0774-4B83-8072-B445B28EF8C8}.Release|Mixed Platforms.Build.0 = Release|x86
		{A62FDC4F-0774-4B83-8072-B445B28EF8C8}.Release|Win32.ActiveCfg = Release|x86
		{A62FDC4F-0774-4B83-8072-B445B28EF8C8}.Release|x86.ActiveCfg = Release|x86
		{A62FDC4F-0774-4B83-8072-B445B28EF8C8}.Release|x86.Build.0 = Release|x86
		{A5C1B377-1EE8-4ACB-B527-F2D3C7F7E1ED}.Debug|Mixed Platforms.ActiveCfg = Debug|Win32
		{A5C1B377-1EE8-4ACB-B527-F2D3C7F7E1ED}.Debug|Mixed Platforms.Build.0 = Debug|Win32
		{A5C1B377-1EE8-4ACB-B527-F2D3C7F7E1ED}.Debug|Win32.ActiveCfg = Debug|Win32
		{A5C1B377-1EE8-4ACB-B527-F2D3C7F7E1ED}.Debug|Win32.Build.0 = Debug|Win32
		{A5C1B377-1EE8-4ACB-B527-F2D3C7F7E1ED}.Debug|x86.ActiveCfg = Debug|Win32
		{A5C1B377-1EE8-4ACB-B527-F2D3C7F7E1ED}.Release|Mixed Platforms.ActiveCfg = Release|Win32
		{A5C1B377-1EE8-4ACB-B527-F2D3C7F7E1ED}.Release|Mixed Platforms.Build.0 = Release|Win32
		{A5C1B377-1EE8-4ACB-B527-F2D3C7F7E1ED}.Release|Win32.ActiveCfg = Release|Win32
		{A5C1B377-1EE8-4ACB-B527-F2D3C7F7E1ED}.Release|Win32.Build.0 = Release|Win32
		{A5C1B377-1EE8-4ACB-B527-F2D3C7F7E1ED}.Release|x86.ActiveCfg = Release|Win32
	EndGlobalSection
	GlobalSection(SolutionProperties) = preSolution
		HideSolutionNode = FALSE
	EndGlobalSection
	GlobalSection(ExtensibilityGlobals) = postSolution
		Qt5Version = 4.8.3-32
	EndGlobalSection
EndGlobal
