<?xml version="1.0" encoding="utf-8"?>
<Project ToolsVersion="4.0" xmlns="http://schemas.microsoft.com/developer/msbuild/2003">
  <ItemGroup>
    <Filter Include="Source Files">
      <UniqueIdentifier>{4FC737F1-C7A5-4376-A066-2A32D752A2FF}</UniqueIdentifier>
      <Extensions>cpp;cxx;c;def</Extensions>
    </Filter>
    <Filter Include="Header Files">
      <UniqueIdentifier>{93995380-89BD-4b04-88EB-625FBE52EBFB}</UniqueIdentifier>
      <Extensions>h</Extensions>
    </Filter>
    <Filter Include="Resource Files">
      <UniqueIdentifier>{D9D6E242-F8AF-46E4-B9FD-80ECBC20BA3E}</UniqueIdentifier>
      <Extensions>qrc;*</Extensions>
      <ParseFiles>false</ParseFiles>
    </Filter>
    <Filter Include="Generated Files">
      <UniqueIdentifier>{71ED8ED8-ACB9-4CE9-BBE1-E00B30144E11}</UniqueIdentifier>
      <Extensions>moc;h;cpp</Extensions>
      <SourceControlFiles>False</SourceControlFiles>
    </Filter>
  </ItemGroup>
  <ItemGroup>
    <ClCompile Include="main.cpp">
      <Filter>Source Files</Filter>
    </ClCompile>
    <ClCompile Include="CmdLineExecutor.cpp">
      <Filter>Source Files</Filter>
    </ClCompile>
    <ClCompile Include="CmdLineBaseTask.cpp">
      <Filter>Source Files</Filter>
    </ClCompile>
    <ClCompile Include="CmdLineMyTasks.cpp">
      <Filter>Source Files</Filter>
    </ClCompile>
    <ClCompile Include="CmdLineTasks.cpp">
      <Filter>Source Files</Filter>
    </ClCompile>
    <ClCompile Include="CmdLineOldTasks.cpp">
      <Filter>Source Files</Filter>
    </ClCompile>
    <ClCompile Include="CLTRenameFiles.cpp">
      <Filter>Source Files</Filter>
    </ClCompile>
    <ClCompile Include="CLTCreateDirStructByDevNames.cpp">
      <Filter>Source Files</Filter>
    </ClCompile>
    <ClCompile Include="CLTAutoChecks3.cpp">
      <Filter>Source Files</Filter>
    </ClCompile>
    <ClCompile Include="CLTFixDuplicatedFileNames.cpp">
      <Filter>Source Files</Filter>
    </ClCompile>
    <ClCompile Include="CLTAutoChecks2.cpp">
      <Filter>Source Files</Filter>
    </ClCompile>
    <ClCompile Include="CLTPrintFSStructure.cpp">
      <Filter>Source Files</Filter>
    </ClCompile>
    <ClCompile Include="CLTDBCreateFVA.cpp">
      <Filter>Source Files</Filter>
    </ClCompile>
    <ClCompile Include="CLTDBBase.cpp">
      <Filter>Source Files</Filter>
    </ClCompile>
    <ClCompile Include="CLTDBFvaFileToDB.cpp">
      <Filter>Source Files</Filter>
    </ClCompile>
    <ClCompile Include="CLTCSVFvaFiles.cpp">
      <Filter>Source Files</Filter>
    </ClCompile>
    <ClCompile Include="CLTDBFvaFolderToDB.cpp">
      <Filter>Source Files</Filter>
    </ClCompile>
    <ClCompile Include="CLTDBFsToDB.cpp">
      <Filter>Source Files</Filter>
    </ClCompile>
    <ClCompile Include="CLTAutoChecks1.cpp">
      <Filter>Source Files</Filter>
    </ClCompile>
    <ClCompile Include="CLTGetFvaDirType.cpp">
      <Filter>Source Files</Filter>
    </ClCompile>
  </ItemGroup>
  <ItemGroup>
    <ClInclude Include="CmdLineExecutor.h">
      <Filter>Header Files</Filter>
    </ClInclude>
    <ClInclude Include="CmdLineBaseTask.h">
      <Filter>Header Files</Filter>
    </ClInclude>
    <ClInclude Include="CmdLineTasks.h">
      <Filter>Header Files</Filter>
    </ClInclude>
    <ClInclude Include="CmdLineMyTasks.h">
      <Filter>Header Files</Filter>
    </ClInclude>
    <ClInclude Include="CmdLineOldTasks.h">
      <Filter>Header Files</Filter>
    </ClInclude>
    <ClInclude Include="CLTRenameFiles.h">
      <Filter>Header Files</Filter>
    </ClInclude>
    <ClInclude Include="CLTCreateDirStructByDevNames.h">
      <Filter>Header Files</Filter>
    </ClInclude>
    <ClInclude Include="CLTAutoChecks3.h">
      <Filter>Header Files</Filter>
    </ClInclude>
    <ClInclude Include="CLTFixDuplicatedFileNames.h">
      <Filter>Header Files</Filter>
    </ClInclude>
    <ClInclude Include="CLTAutoChecks2.h">
      <Filter>Header Files</Filter>
    </ClInclude>
    <ClInclude Include="CLTPrintFSStructure.h">
      <Filter>Header Files</Filter>
    </ClInclude>
    <ClInclude Include="CLTDBCreateFVA.h">
      <Filter>Header Files</Filter>
    </ClInclude>
    <ClInclude Include="CLTDBBase.h">
      <Filter>Header Files</Filter>
    </ClInclude>
    <ClInclude Include="CLTDBFvaFileToDB.h">
      <Filter>Header Files</Filter>
    </ClInclude>
    <ClInclude Include="CLTCSVFvaFiles.h">
      <Filter>Header Files</Filter>
    </ClInclude>
    <ClInclude Include="CLTDBFvaFolderToDB.h">
      <Filter>Header Files</Filter>
    </ClInclude>
    <ClInclude Include="CLTDBFsToDB.h">
      <Filter>Header Files</Filter>
    </ClInclude>
    <ClInclude Include="CLTAutoChecks1.h">
      <Filter>Header Files</Filter>
    </ClInclude>
    <ClInclude Include="CLTGetFvaDirType.h">
      <Filter>Header Files</Filter>
    </ClInclude>
  </ItemGroup>
</Project>