<?xml version="1.0" encoding="utf-8"?>
<Project ToolsVersion="4.0" xmlns="http://schemas.microsoft.com/developer/msbuild/2003">
  <ItemGroup>
    <Filter Include="Source Files">
      <UniqueIdentifier>{4FC737F1-C7A5-4376-A066-2A32D752A2FF}</UniqueIdentifier>
      <Extensions>cpp;cxx;c;def</Extensions>
    </Filter>
    <Filter Include="Header Files">
      <UniqueIdentifier>{93995380-89BD-4b04-88EB-625FBE52EBFB}</UniqueIdentifier>
      <Extensions>h</Extensions>
    </Filter>
    <Filter Include="Form Files">
      <UniqueIdentifier>{99349809-55BA-4b9d-BF79-8FDBB0286EB3}</UniqueIdentifier>
      <Extensions>ui</Extensions>
    </Filter>
    <Filter Include="Resource Files">
      <UniqueIdentifier>{D9D6E242-F8AF-46E4-B9FD-80ECBC20BA3E}</UniqueIdentifier>
      <Extensions>qrc;*</Extensions>
      <ParseFiles>false</ParseFiles>
    </Filter>
    <Filter Include="Generated Files">
      <UniqueIdentifier>{71ED8ED8-ACB9-4CE9-BBE1-E00B30144E11}</UniqueIdentifier>
      <Extensions>moc;h;cpp</Extensions>
      <SourceControlFiles>False</SourceControlFiles>
    </Filter>
    <Filter Include="data">
      <UniqueIdentifier>{3b4d3e17-1de8-45bb-9c89-b0b4efd65ec6}</UniqueIdentifier>
    </Filter>
  </ItemGroup>
  <ItemGroup>
    <ClCompile Include="fvacommonlib.cpp">
      <Filter>Source Files</Filter>
    </ClCompile>
    <ClCompile Include="FVADescriptionFile.cpp">
      <Filter>Source Files</Filter>
    </ClCompile>
    <ClCompile Include="fvacommonui.cpp">
      <Filter>Source Files</Filter>
    </ClCompile>
    <ClCompile Include="fvacsvfile.cpp">
      <Filter>Source Files</Filter>
    </ClCompile>
    <ClCompile Include="fvariffparser.cpp">
      <Filter>Source Files</Filter>
    </ClCompile>
    <ClCompile Include="fvacommonexif.cpp">
      <Filter>Source Files</Filter>
    </ClCompile>
    <ClCompile Include="..\easyexif\exif.cpp">
      <Filter>Source Files</Filter>
    </ClCompile>
    <ClCompile Include="fvacommoncsv.cpp">
      <Filter>Source Files</Filter>
    </ClCompile>
    <ClCompile Include="data\fvaItem.cpp">
      <Filter>data</Filter>
    </ClCompile>
    <ClCompile Include="fvaconfiguration.cpp">
      <Filter>Source Files</Filter>
    </ClCompile>
    <ClCompile Include="fvafmtcontext.cpp">
      <Filter>Source Files</Filter>
    </ClCompile>
    <ClCompile Include="CmdLineBaseTask.cpp">
      <Filter>Source Files</Filter>
    </ClCompile>
  </ItemGroup>
  <ItemGroup>
    <ClInclude Include="fvacommonlib.h">
      <Filter>Header Files</Filter>
    </ClInclude>
    <ClInclude Include="FVADescriptionFile.h">
      <Filter>Header Files</Filter>
    </ClInclude>
    <ClInclude Include="fvaconstants.h">
      <Filter>Header Files</Filter>
    </ClInclude>
    <ClInclude Include="fvacommonui.h">
      <Filter>Header Files</Filter>
    </ClInclude>
    <ClInclude Include="fvacsvfile.h">
      <Filter>Header Files</Filter>
    </ClInclude>
    <ClInclude Include="fvariffparser.h">
      <Filter>Header Files</Filter>
    </ClInclude>
    <ClInclude Include="fvacommonexif.h">
      <Filter>Header Files</Filter>
    </ClInclude>
    <ClInclude Include="fvacommoncsv.h">
      <Filter>Header Files</Filter>
    </ClInclude>
    <ClInclude Include="fvaexitcodes.h">
      <Filter>Header Files</Filter>
    </ClInclude>
    <ClInclude Include="data\fvadevice.h">
      <Filter>data</Filter>
    </ClInclude>
    <ClInclude Include="data\fvafile.h">
      <Filter>data</Filter>
    </ClInclude>
    <ClInclude Include="data\fvafolder.h">
      <Filter>data</Filter>
    </ClInclude>
    <ClInclude Include="data\fvaperson.h">
      <Filter>data</Filter>
    </ClInclude>
    <ClInclude Include="data\fvaItem.h">
      <Filter>data</Filter>
    </ClInclude>
    <ClInclude Include="data\fvaPeopleRelations.h">
      <Filter>data</Filter>
    </ClInclude>
    <ClInclude Include="fvaconfiguration.h">
      <Filter>Header Files</Filter>
    </ClInclude>
    <ClInclude Include="fvafmtcontext.h">
      <Filter>Header Files</Filter>
    </ClInclude>
    <ClInclude Include="fvacltcontext.h">
      <Filter>Header Files</Filter>
    </ClInclude>
    <ClInclude Include="CmdLineBaseTask.h">
      <Filter>Header Files</Filter>
    </ClInclude>
  </ItemGroup>
</Project>